
Microsoft Visual Studio Solution File, Format Version 12.00
# Visual Studio Version 17
VisualStudioVersion = 17.14.36327.8 d17.14
MinimumVisualStudioVersion = 10.0.40219.1
Project("{FAE04EC0-301F-11D3-BF4B-00C04F79EFBC}") = "MyPortfolio", "MyPortfolio\MyPortfolio.csproj", "{772CE022-E108-4CED-AFB9-1F48C2B3BEB5}"
EndProject
Global
	GlobalSection(SolutionConfigurationPlatforms) = preSolution
		Debug|Any CPU = Debug|Any CPU
		Release|Any CPU = Release|Any CPU
	EndGlobalSection
	GlobalSection(ProjectConfigurationPlatforms) = postSolution
		{772CE022-E108-4CED-AFB9-1F48C2B3BEB5}.Debug|Any CPU.ActiveCfg = Debug|Any CPU
		{772CE022-E108-4CED-AFB9-1F48C2B3BEB5}.Debug|Any CPU.Build.0 = Debug|Any CPU
		{772CE022-E108-4CED-AFB9-1F48C2B3BEB5}.Release|Any CPU.ActiveCfg = Release|Any CPU
		{772CE022-E108-4CED-AFB9-1F48C2B3BEB5}.Release|Any CPU.Build.0 = Release|Any CPU
	EndGlobalSection
	GlobalSection(SolutionProperties) = preSolution
		HideSolutionNode = FALSE
	EndGlobalSection
	GlobalSection(ExtensibilityGlobals) = postSolution
		SolutionGuid = {94176598-F22E-4698-94AF-91CAC42A336A}
	EndGlobalSection
EndGlobal
